
Microsoft Visual Studio Solution File, Format Version 12.00
# Visual Studio Version 17
VisualStudioVersion = 17.9.34714.143
MinimumVisualStudioVersion = 10.0.40219.1
Project("{9A19103F-16F7-4668-BE54-9A1E7A4F7556}") = "SRS2APP", "SRS2APP.csproj", "{17D99EA1-0E64-471F-A67B-588742C46D98}"
EndProject
Global
	GlobalSection(SolutionConfigurationPlatforms) = preSolution
		Debug|Any CPU = Debug|Any CPU
		Release|Any CPU = Release|Any CPU
	EndGlobalSection
	GlobalSection(ProjectConfigurationPlatforms) = postSolution
		{17D99EA1-0E64-471F-A67B-588742C46D98}.Debug|Any CPU.ActiveCfg = Debug|Any CPU
		{17D99EA1-0E64-471F-A67B-588742C46D98}.Debug|Any CPU.Build.0 = Debug|Any CPU
		{17D99EA1-0E64-471F-A67B-588742C46D98}.Release|Any CPU.ActiveCfg = Release|Any CPU
		{17D99EA1-0E64-471F-A67B-588742C46D98}.Release|Any CPU.Build.0 = Release|Any CPU
	EndGlobalSection
	GlobalSection(SolutionProperties) = preSolution
		HideSolutionNode = FALSE
	EndGlobalSection
	GlobalSection(ExtensibilityGlobals) = postSolution
		SolutionGuid = {94D0CB82-C55F-4F7D-A3A0-A63ADE9691A2}
	EndGlobalSection
EndGlobal
